
Microsoft Visual Studio Solution File, Format Version 12.00
# Visual Studio 2012
Project("{8BC9CEB8-8B4A-11D0-8D11-00A0C91BC942}") = "QTblEditor", "QTblEditor.vcxproj", "{744F43FE-6713-4171-8D9A-7789B12003CB}"
EndProject
Global
	GlobalSection(SolutionConfigurationPlatforms) = preSolution
		Debug|Win32 = Debug|Win32
		Release|Win32 = Release|Win32
	EndGlobalSection
	GlobalSection(ProjectConfigurationPlatforms) = postSolution
		{744F43FE-6713-4171-8D9A-7789B12003CB}.Debug|Win32.ActiveCfg = Debug|Win32
		{744F43FE-6713-4171-8D9A-7789B12003CB}.Debug|Win32.Build.0 = Debug|Win32
		{744F43FE-6713-4171-8D9A-7789B12003CB}.Release|Win32.ActiveCfg = Release|Win32
		{744F43FE-6713-4171-8D9A-7789B12003CB}.Release|Win32.Build.0 = Release|Win32
	EndGlobalSection
	GlobalSection(SolutionProperties) = preSolution
		HideSolutionNode = FALSE
	EndGlobalSection
	GlobalSection(ExtensibilityGlobals) = postSolution
		Qt5Version = $(DefaultQtVersion)
	EndGlobalSection
EndGlobal
