<?xml version="1.0" encoding="utf-8"?>
<Project xmlns="http://schemas.microsoft.com/developer/msbuild/2003">
  <ItemGroup>
    <Filter Include="Form Files">
      <UniqueIdentifier>{99349809-55BA-4b9d-BF79-8FDBB0286EB3}</UniqueIdentifier>
      <Extensions>ui</Extensions>
      <ParseFiles>false</ParseFiles>
    </Filter>
    <Filter Include="Generated Files">
      <UniqueIdentifier>{71ED8ED8-ACB9-4CE9-BBE1-E00B30144E11}</UniqueIdentifier>
      <Extensions>cpp;c;cxx;moc;h;def;odl;idl;res;</Extensions>
    </Filter>
    <Filter Include="Header Files">
      <UniqueIdentifier>{93995380-89BD-4b04-88EB-625FBE52EBFB}</UniqueIdentifier>
      <Extensions>h;hpp;hxx;hm;inl;inc;xsd</Extensions>
    </Filter>
    <Filter Include="Resource Files">
      <UniqueIdentifier>{D9D6E242-F8AF-46E4-B9FD-80ECBC20BA3E}</UniqueIdentifier>
      <Extensions>qrc;*</Extensions>
      <ParseFiles>false</ParseFiles>
    </Filter>
    <Filter Include="Source Files">
      <UniqueIdentifier>{4FC737F1-C7A5-4376-A066-2A32D752A2FF}</UniqueIdentifier>
      <Extensions>cpp;c;cxx;def;odl;idl;hpj;bat;asm;asmx</Extensions>
    </Filter>
    <Filter Include="Translation Files">
      <UniqueIdentifier>{639EADAA-A684-42e4-A9AD-28FC9BCB8F7C}</UniqueIdentifier>
      <Extensions>ts;xlf</Extensions>
      <ParseFiles>false</ParseFiles>
    </Filter>
  </ItemGroup>
  <ItemGroup>
    <ClCompile Include="src\colors.cpp">
      <Filter>Source Files</Filter>
    </ClCompile>
    <ClCompile Include="src\d2stringtablewidget.cpp">
      <Filter>Source Files</Filter>
    </ClCompile>
    <ClCompile Include="src\editcolorsdialog.cpp">
      <Filter>Source Files</Filter>
    </ClCompile>
    <ClCompile Include="src\editorssplitterhandle.cpp">
      <Filter>Source Files</Filter>
    </ClCompile>
    <ClCompile Include="src\editstringcell.cpp">
      <Filter>Source Files</Filter>
    </ClCompile>
    <ClCompile Include="src\editstringcelldialog.cpp">
      <Filter>Source Files</Filter>
    </ClCompile>
    <ClCompile Include="src\findreplacedialog.cpp">
      <Filter>Source Files</Filter>
    </ClCompile>
    <ClCompile Include="src\gotorowdialog.cpp">
      <Filter>Source Files</Filter>
    </ClCompile>
    <ClCompile Include="src\main.cpp">
      <Filter>Source Files</Filter>
    </ClCompile>
    <ClCompile Include="src\qtbleditor.cpp">
      <Filter>Source Files</Filter>
    </ClCompile>
    <ClCompile Include="src\qtcompat.cpp">
      <Filter>Source Files</Filter>
    </ClCompile>
    <ClCompile Include="src\tablepanelwidget.cpp">
      <Filter>Source Files</Filter>
    </ClCompile>
    <ClCompile Include="src\tablesdifferenceswidget.cpp">
      <Filter>Source Files</Filter>
    </ClCompile>
    <ClCompile Include="src\tblstructure.cpp">
      <Filter>Source Files</Filter>
    </ClCompile>
  </ItemGroup>
  <ItemGroup>
    <QtMoc Include="src\d2stringtablewidget.h">
      <Filter>Header Files</Filter>
    </QtMoc>
    <QtMoc Include="src\editcolorsdialog.h">
      <Filter>Header Files</Filter>
    </QtMoc>
    <ClInclude Include="src\editorssplitterhandle.h">
      <Filter>Header Files</Filter>
    </ClInclude>
    <QtMoc Include="src\editstringcell.h">
      <Filter>Header Files</Filter>
    </QtMoc>
    <QtMoc Include="src\editstringcelldialog.h">
      <Filter>Header Files</Filter>
    </QtMoc>
    <QtMoc Include="src\findreplacedialog.h">
      <Filter>Header Files</Filter>
    </QtMoc>
    <QtMoc Include="src\gotorowdialog.h">
      <Filter>Header Files</Filter>
    </QtMoc>
    <QtMoc Include="src\qtbleditor.h">
      <Filter>Header Files</Filter>
    </QtMoc>
    <ClInclude Include="src\qtcompat.h">
      <Filter>Header Files</Filter>
    </ClInclude>
    <QtMoc Include="src\tablepanelwidget.h">
      <Filter>Header Files</Filter>
    </QtMoc>
    <QtMoc Include="src\tablesdifferenceswidget.h">
      <Filter>Header Files</Filter>
    </QtMoc>
    <ClInclude Include="src\tblstructure.h">
      <Filter>Header Files</Filter>
    </ClInclude>
  </ItemGroup>
  <ItemGroup>
    <CustomBuild Include="debug\moc_predefs.h.cbt">
      <Filter>Generated Files</Filter>
    </CustomBuild>
    <CustomBuild Include="release\moc_predefs.h.cbt">
      <Filter>Generated Files</Filter>
    </CustomBuild>
  </ItemGroup>
  <ItemGroup>
    <None Include="src\qtbleditor_ru.ts">
      <Filter>Translation Files</Filter>
    </None>
    <None Include="src\qtbleditor_zh.ts">
      <Filter>Translation Files</Filter>
    </None>
  </ItemGroup>
  <ItemGroup>
    <QtUic Include="src\editcolorsdialog.ui">
      <Filter>Form Files</Filter>
    </QtUic>
    <QtUic Include="src\editstringcell.ui">
      <Filter>Form Files</Filter>
    </QtUic>
    <QtUic Include="src\editstringcelldialog.ui">
      <Filter>Form Files</Filter>
    </QtUic>
    <QtUic Include="src\findreplacedialog.ui">
      <Filter>Form Files</Filter>
    </QtUic>
    <QtUic Include="src\gotorowdialog.ui">
      <Filter>Form Files</Filter>
    </QtUic>
    <QtUic Include="src\qtbleditor.ui">
      <Filter>Form Files</Filter>
    </QtUic>
    <QtUic Include="src\tablepanelwidget.ui">
      <Filter>Form Files</Filter>
    </QtUic>
    <QtUic Include="src\tablesdifferenceswidget.ui">
      <Filter>Form Files</Filter>
    </QtUic>
  </ItemGroup>
  <ItemGroup>
    <None Include="src\Resources\Add.png">
      <Filter>Resource Files</Filter>
    </None>
    <None Include="src\Resources\Baal.png">
      <Filter>Resource Files</Filter>
    </None>
    <None Include="src\Resources\Close.png">
      <Filter>Resource Files</Filter>
    </None>
    <None Include="src\Resources\Copy.png">
      <Filter>Resource Files</Filter>
    </None>
    <None Include="src\Resources\Down.png">
      <Filter>Resource Files</Filter>
    </None>
    <None Include="src\Resources\Erase.png">
      <Filter>Resource Files</Filter>
    </None>
    <None Include="src\Resources\Goto.png">
      <Filter>Resource Files</Filter>
    </None>
    <None Include="src\Resources\Modify.png">
      <Filter>Resource Files</Filter>
    </None>
    <None Include="src\Resources\New document.png">
      <Filter>Resource Files</Filter>
    </None>
    <None Include="src\Resources\Open.png">
      <Filter>Resource Files</Filter>
    </None>
    <None Include="src\Resources\Paste.png">
      <Filter>Resource Files</Filter>
    </None>
    <None Include="src\Resources\Qt.png">
      <Filter>Resource Files</Filter>
    </None>
    <None Include="src\Resources\Remove.png">
      <Filter>Resource Files</Filter>
    </None>
    <None Include="src\Resources\Save.png">
      <Filter>Resource Files</Filter>
    </None>
    <None Include="src\Resources\Search.png">
      <Filter>Resource Files</Filter>
    </None>
    <None Include="src\Resources\Swap.png">
      <Filter>Resource Files</Filter>
    </None>
    <None Include="src\Resources\Up.png">
      <Filter>Resource Files</Filter>
    </None>
    <QtRcc Include="src\qtbleditor.qrc">
      <Filter>Resource Files</Filter>
    </QtRcc>
  </ItemGroup>
</Project>